
Microsoft Visual Studio Solution File, Format Version 10.00
# Visual Studio 2008
Project("{FAE04EC0-301F-11D3-BF4B-00C04F79EFBC}") = "BR.BRBusinessObject", "BRBusinessObject\BR.BRBusinessObject.csproj", "{77688FBA-6189-446D-A986-92B8A216C2B3}"
EndProject
Project("{FAE04EC0-301F-11D3-BF4B-00C04F79EFBC}") = "BR.BRIBPS", "BRIBPS\BR.BRIBPS.csproj", "{650CF26E-8394-49AF-BD10-F8E092CC8EF9}"
EndProject
Project("{FAE04EC0-301F-11D3-BF4B-00C04F79EFBC}") = "BR.BRInterBank", "BRInterBank\BR.BRInterBank.csproj", "{3701A822-1F9D-4DA6-B75D-A4F5B64FBA95}"
EndProject
Project("{FAE04EC0-301F-11D3-BF4B-00C04F79EFBC}") = "BR.BRIQS", "BRIQS\BR.BRIQS.csproj", "{3E02A389-AFF0-453D-B443-BABCF768E85D}"
EndProject
Project("{FAE04EC0-301F-11D3-BF4B-00C04F79EFBC}") = "BR.BRLib", "BRLib\BR.BRLib.csproj", "{F8099B06-8A6B-4084-9E0D-5F7ECDC9EB5F}"
EndProject
Project("{FAE04EC0-301F-11D3-BF4B-00C04F79EFBC}") = "BR.BRMONITOR", "BRMONITOR\BR.BRMONITOR.csproj", "{1AFC5BB7-C716-4B50-8D9C-23DA4BF5D2D8}"
EndProject
Project("{FAE04EC0-301F-11D3-BF4B-00C04F79EFBC}") = "BR.BRSWIFT", "BRSWIFT\BR.BRSWIFT.csproj", "{8390BBA2-4FAB-49BE-8242-E1D65F42A20B}"
EndProject
Project("{FAE04EC0-301F-11D3-BF4B-00C04F79EFBC}") = "BR.DataAccess", "BRDataAccess\BR.DataAccess.csproj", "{8138B4C5-AC22-4ECF-8DF6-395A976CBD07}"
EndProject
Project("{FAE04EC0-301F-11D3-BF4B-00C04F79EFBC}") = "BR.BRSYSTEM", "BRSYSTEM\BR.BRSYSTEM.csproj", "{C3B814DD-46CD-41B6-8F14-5B5EA8C410E9}"
EndProject
Project("{FAE04EC0-301F-11D3-BF4B-00C04F79EFBC}") = "BR.BRTTSB", "BRTTSB\BR.BRTTSB.csproj", "{DC881F04-CC6A-428D-8761-516A49A52952}"
EndProject
Global
	GlobalSection(SolutionConfigurationPlatforms) = preSolution
		Debug|Any CPU = Debug|Any CPU
		Release|Any CPU = Release|Any CPU
	EndGlobalSection
	GlobalSection(ProjectConfigurationPlatforms) = postSolution
		{77688FBA-6189-446D-A986-92B8A216C2B3}.Debug|Any CPU.ActiveCfg = Debug|Any CPU
		{77688FBA-6189-446D-A986-92B8A216C2B3}.Debug|Any CPU.Build.0 = Debug|Any CPU
		{77688FBA-6189-446D-A986-92B8A216C2B3}.Release|Any CPU.ActiveCfg = Release|Any CPU
		{77688FBA-6189-446D-A986-92B8A216C2B3}.Release|Any CPU.Build.0 = Release|Any CPU
		{650CF26E-8394-49AF-BD10-F8E092CC8EF9}.Debug|Any CPU.ActiveCfg = Debug|Any CPU
		{650CF26E-8394-49AF-BD10-F8E092CC8EF9}.Debug|Any CPU.Build.0 = Debug|Any CPU
		{650CF26E-8394-49AF-BD10-F8E092CC8EF9}.Release|Any CPU.ActiveCfg = Release|Any CPU
		{650CF26E-8394-49AF-BD10-F8E092CC8EF9}.Release|Any CPU.Build.0 = Release|Any CPU
		{3701A822-1F9D-4DA6-B75D-A4F5B64FBA95}.Debug|Any CPU.ActiveCfg = Debug|Any CPU
		{3701A822-1F9D-4DA6-B75D-A4F5B64FBA95}.Debug|Any CPU.Build.0 = Debug|Any CPU
		{3701A822-1F9D-4DA6-B75D-A4F5B64FBA95}.Release|Any CPU.ActiveCfg = Release|Any CPU
		{3701A822-1F9D-4DA6-B75D-A4F5B64FBA95}.Release|Any CPU.Build.0 = Release|Any CPU
		{3E02A389-AFF0-453D-B443-BABCF768E85D}.Debug|Any CPU.ActiveCfg = Debug|Any CPU
		{3E02A389-AFF0-453D-B443-BABCF768E85D}.Debug|Any CPU.Build.0 = Debug|Any CPU
		{3E02A389-AFF0-453D-B443-BABCF768E85D}.Release|Any CPU.ActiveCfg = Release|Any CPU
		{3E02A389-AFF0-453D-B443-BABCF768E85D}.Release|Any CPU.Build.0 = Release|Any CPU
		{F8099B06-8A6B-4084-9E0D-5F7ECDC9EB5F}.Debug|Any CPU.ActiveCfg = Debug|Any CPU
		{F8099B06-8A6B-4084-9E0D-5F7ECDC9EB5F}.Debug|Any CPU.Build.0 = Debug|Any CPU
		{F8099B06-8A6B-4084-9E0D-5F7ECDC9EB5F}.Release|Any CPU.ActiveCfg = Release|Any CPU
		{F8099B06-8A6B-4084-9E0D-5F7ECDC9EB5F}.Release|Any CPU.Build.0 = Release|Any CPU
		{1AFC5BB7-C716-4B50-8D9C-23DA4BF5D2D8}.Debug|Any CPU.ActiveCfg = Debug|Any CPU
		{1AFC5BB7-C716-4B50-8D9C-23DA4BF5D2D8}.Debug|Any CPU.Build.0 = Debug|Any CPU
		{1AFC5BB7-C716-4B50-8D9C-23DA4BF5D2D8}.Release|Any CPU.ActiveCfg = Release|Any CPU
		{1AFC5BB7-C716-4B50-8D9C-23DA4BF5D2D8}.Release|Any CPU.Build.0 = Release|Any CPU
		{8390BBA2-4FAB-49BE-8242-E1D65F42A20B}.Debug|Any CPU.ActiveCfg = Debug|Any CPU
		{8390BBA2-4FAB-49BE-8242-E1D65F42A20B}.Debug|Any CPU.Build.0 = Debug|Any CPU
		{8390BBA2-4FAB-49BE-8242-E1D65F42A20B}.Release|Any CPU.ActiveCfg = Release|Any CPU
		{8390BBA2-4FAB-49BE-8242-E1D65F42A20B}.Release|Any CPU.Build.0 = Release|Any CPU
		{8138B4C5-AC22-4ECF-8DF6-395A976CBD07}.Debug|Any CPU.ActiveCfg = Debug|Any CPU
		{8138B4C5-AC22-4ECF-8DF6-395A976CBD07}.Debug|Any CPU.Build.0 = Debug|Any CPU
		{8138B4C5-AC22-4ECF-8DF6-395A976CBD07}.Release|Any CPU.ActiveCfg = Release|Any CPU
		{8138B4C5-AC22-4ECF-8DF6-395A976CBD07}.Release|Any CPU.Build.0 = Release|Any CPU
		{C3B814DD-46CD-41B6-8F14-5B5EA8C410E9}.Debug|Any CPU.ActiveCfg = Debug|Any CPU
		{C3B814DD-46CD-41B6-8F14-5B5EA8C410E9}.Debug|Any CPU.Build.0 = Debug|Any CPU
		{C3B814DD-46CD-41B6-8F14-5B5EA8C410E9}.Release|Any CPU.ActiveCfg = Release|Any CPU
		{C3B814DD-46CD-41B6-8F14-5B5EA8C410E9}.Release|Any CPU.Build.0 = Release|Any CPU
		{DC881F04-CC6A-428D-8761-516A49A52952}.Debug|Any CPU.ActiveCfg = Debug|Any CPU
		{DC881F04-CC6A-428D-8761-516A49A52952}.Debug|Any CPU.Build.0 = Debug|Any CPU
		{DC881F04-CC6A-428D-8761-516A49A52952}.Release|Any CPU.ActiveCfg = Release|Any CPU
		{DC881F04-CC6A-428D-8761-516A49A52952}.Release|Any CPU.Build.0 = Release|Any CPU
	EndGlobalSection
	GlobalSection(SolutionProperties) = preSolution
		HideSolutionNode = FALSE
	EndGlobalSection
EndGlobal
